
Microsoft Visual Studio Solution File, Format Version 12.00
# Visual Studio Version 17
VisualStudioVersion = 17.5.33424.131
MinimumVisualStudioVersion = 10.0.40219.1
Project("{FAE04EC0-301F-11D3-BF4B-00C04F79EFBC}") = "ProductLinq", "ProductLinq\ProductLinq.csproj", "{E197CF6A-2D78-4F80-8D74-5058561F4ADA}"
EndProject
Global
	GlobalSection(SolutionConfigurationPlatforms) = preSolution
		Debug|Any CPU = Debug|Any CPU
		Release|Any CPU = Release|Any CPU
	EndGlobalSection
	GlobalSection(ProjectConfigurationPlatforms) = postSolution
		{E197CF6A-2D78-4F80-8D74-5058561F4ADA}.Debug|Any CPU.ActiveCfg = Debug|Any CPU
		{E197CF6A-2D78-4F80-8D74-5058561F4ADA}.Debug|Any CPU.Build.0 = Debug|Any CPU
		{E197CF6A-2D78-4F80-8D74-5058561F4ADA}.Release|Any CPU.ActiveCfg = Release|Any CPU
		{E197CF6A-2D78-4F80-8D74-5058561F4ADA}.Release|Any CPU.Build.0 = Release|Any CPU
	EndGlobalSection
	GlobalSection(SolutionProperties) = preSolution
		HideSolutionNode = FALSE
	EndGlobalSection
	GlobalSection(ExtensibilityGlobals) = postSolution
		SolutionGuid = {9D1DE382-5156-4CEC-BBC8-FC6B814EB11B}
	EndGlobalSection
EndGlobal
